
Microsoft Visual Studio Solution File, Format Version 12.00
# Visual Studio Version 16
VisualStudioVersion = 16.0.30907.101
MinimumVisualStudioVersion = 10.0.40219.1
Project("{159641D6-6404-4A2A-AE62-294DE0FE8301}") = "configure_and_deploy_tutorial", "configure_and_deploy_tutorial.dtproj", "{5BFD3CEE-AC2C-4EF9-9E78-A3ED26C49BE6}"
EndProject
Global
	GlobalSection(SolutionConfigurationPlatforms) = preSolution
		Development|Default = Development|Default
	EndGlobalSection
	GlobalSection(ProjectConfigurationPlatforms) = postSolution
		{5BFD3CEE-AC2C-4EF9-9E78-A3ED26C49BE6}.Development|Default.ActiveCfg = Development
		{5BFD3CEE-AC2C-4EF9-9E78-A3ED26C49BE6}.Development|Default.Build.0 = Development
	EndGlobalSection
	GlobalSection(SolutionProperties) = preSolution
		HideSolutionNode = FALSE
	EndGlobalSection
	GlobalSection(ExtensibilityGlobals) = postSolution
		SolutionGuid = {1DAD47F7-69F4-471E-A74A-79F065C43DD9}
	EndGlobalSection
EndGlobal
